
Microsoft Visual Studio Solution File, Format Version 12.00
# Visual Studio Version 16
VisualStudioVersion = 16.0.29926.136
MinimumVisualStudioVersion = 10.0.40219.1
Project("{FAE04EC0-301F-11D3-BF4B-00C04F79EFBC}") = "FinalProject", "FinalProject\FinalProject.csproj", "{BDA207B0-6607-4E66-9301-E9E8AC83C61B}"
EndProject
Global
	GlobalSection(SolutionConfigurationPlatforms) = preSolution
		Debug|Any CPU = Debug|Any CPU
		Release|Any CPU = Release|Any CPU
	EndGlobalSection
	GlobalSection(ProjectConfigurationPlatforms) = postSolution
		{BDA207B0-6607-4E66-9301-E9E8AC83C61B}.Debug|Any CPU.ActiveCfg = Debug|Any CPU
		{BDA207B0-6607-4E66-9301-E9E8AC83C61B}.Debug|Any CPU.Build.0 = Debug|Any CPU
		{BDA207B0-6607-4E66-9301-E9E8AC83C61B}.Release|Any CPU.ActiveCfg = Release|Any CPU
		{BDA207B0-6607-4E66-9301-E9E8AC83C61B}.Release|Any CPU.Build.0 = Release|Any CPU
	EndGlobalSection
	GlobalSection(SolutionProperties) = preSolution
		HideSolutionNode = FALSE
	EndGlobalSection
	GlobalSection(ExtensibilityGlobals) = postSolution
		SolutionGuid = {AE696975-9656-432E-8446-EF0829FDF81D}
	EndGlobalSection
EndGlobal
